
Microsoft Visual Studio Solution File, Format Version 12.00
# Visual Studio Version 16
VisualStudioVersion = 16.0.31515.178
MinimumVisualStudioVersion = 10.0.40219.1
Project("{2150E333-8FDC-42A3-9474-1A3956D46DE8}") = "Lesson 1", "Lesson 1", "{8ED9AFC2-B155-4DA0-8037-961AB9B32471}"
EndProject
Project("{9A19103F-16F7-4668-BE54-9A1E7A4F7556}") = "Ex3.1", "Ex3.1\Ex3.1.csproj", "{AE41C34E-6DE3-4259-8835-077978247D71}"
EndProject
Project("{9A19103F-16F7-4668-BE54-9A1E7A4F7556}") = "Ex5", "Ex5\Ex5.csproj", "{6C046783-CBE9-4C85-832D-3B446DED6102}"
EndProject
Project("{FAE04EC0-301F-11D3-BF4B-00C04F79EFBC}") = "Ex1.1", "Ex1.1\Ex1.1.csproj", "{789DA5DF-FFB6-4A4D-88A6-B5C54DB0ACDD}"
EndProject
Project("{FAE04EC0-301F-11D3-BF4B-00C04F79EFBC}") = "Ex2.2", "Ex2.2\Ex2.2.csproj", "{7279BE52-46F1-4BCF-B222-4365932D73B8}"
EndProject
Project("{FAE04EC0-301F-11D3-BF4B-00C04F79EFBC}") = "Ex4.1", "Ex4.1\Ex4.1.csproj", "{8CC54273-F3D4-45B7-9C15-F845F45EC2DE}"
EndProject
Project("{FAE04EC0-301F-11D3-BF4B-00C04F79EFBC}") = "Ex4.2", "Ex4.2\Ex4.2.csproj", "{50581054-4C59-407A-8EF4-AE563ABAD397}"
EndProject
Global
	GlobalSection(SolutionConfigurationPlatforms) = preSolution
		Debug|Any CPU = Debug|Any CPU
		Release|Any CPU = Release|Any CPU
	EndGlobalSection
	GlobalSection(ProjectConfigurationPlatforms) = postSolution
		{AE41C34E-6DE3-4259-8835-077978247D71}.Debug|Any CPU.ActiveCfg = Debug|Any CPU
		{AE41C34E-6DE3-4259-8835-077978247D71}.Debug|Any CPU.Build.0 = Debug|Any CPU
		{AE41C34E-6DE3-4259-8835-077978247D71}.Release|Any CPU.ActiveCfg = Release|Any CPU
		{AE41C34E-6DE3-4259-8835-077978247D71}.Release|Any CPU.Build.0 = Release|Any CPU
		{6C046783-CBE9-4C85-832D-3B446DED6102}.Debug|Any CPU.ActiveCfg = Debug|Any CPU
		{6C046783-CBE9-4C85-832D-3B446DED6102}.Debug|Any CPU.Build.0 = Debug|Any CPU
		{6C046783-CBE9-4C85-832D-3B446DED6102}.Release|Any CPU.ActiveCfg = Release|Any CPU
		{6C046783-CBE9-4C85-832D-3B446DED6102}.Release|Any CPU.Build.0 = Release|Any CPU
		{789DA5DF-FFB6-4A4D-88A6-B5C54DB0ACDD}.Debug|Any CPU.ActiveCfg = Debug|Any CPU
		{789DA5DF-FFB6-4A4D-88A6-B5C54DB0ACDD}.Debug|Any CPU.Build.0 = Debug|Any CPU
		{789DA5DF-FFB6-4A4D-88A6-B5C54DB0ACDD}.Release|Any CPU.ActiveCfg = Release|Any CPU
		{789DA5DF-FFB6-4A4D-88A6-B5C54DB0ACDD}.Release|Any CPU.Build.0 = Release|Any CPU
		{7279BE52-46F1-4BCF-B222-4365932D73B8}.Debug|Any CPU.ActiveCfg = Debug|Any CPU
		{7279BE52-46F1-4BCF-B222-4365932D73B8}.Debug|Any CPU.Build.0 = Debug|Any CPU
		{7279BE52-46F1-4BCF-B222-4365932D73B8}.Release|Any CPU.ActiveCfg = Release|Any CPU
		{7279BE52-46F1-4BCF-B222-4365932D73B8}.Release|Any CPU.Build.0 = Release|Any CPU
		{8CC54273-F3D4-45B7-9C15-F845F45EC2DE}.Debug|Any CPU.ActiveCfg = Debug|Any CPU
		{8CC54273-F3D4-45B7-9C15-F845F45EC2DE}.Debug|Any CPU.Build.0 = Debug|Any CPU
		{8CC54273-F3D4-45B7-9C15-F845F45EC2DE}.Release|Any CPU.ActiveCfg = Release|Any CPU
		{8CC54273-F3D4-45B7-9C15-F845F45EC2DE}.Release|Any CPU.Build.0 = Release|Any CPU
		{50581054-4C59-407A-8EF4-AE563ABAD397}.Debug|Any CPU.ActiveCfg = Debug|Any CPU
		{50581054-4C59-407A-8EF4-AE563ABAD397}.Debug|Any CPU.Build.0 = Debug|Any CPU
		{50581054-4C59-407A-8EF4-AE563ABAD397}.Release|Any CPU.ActiveCfg = Release|Any CPU
		{50581054-4C59-407A-8EF4-AE563ABAD397}.Release|Any CPU.Build.0 = Release|Any CPU
	EndGlobalSection
	GlobalSection(SolutionProperties) = preSolution
		HideSolutionNode = FALSE
	EndGlobalSection
	GlobalSection(NestedProjects) = preSolution
		{AE41C34E-6DE3-4259-8835-077978247D71} = {8ED9AFC2-B155-4DA0-8037-961AB9B32471}
		{6C046783-CBE9-4C85-832D-3B446DED6102} = {8ED9AFC2-B155-4DA0-8037-961AB9B32471}
		{789DA5DF-FFB6-4A4D-88A6-B5C54DB0ACDD} = {8ED9AFC2-B155-4DA0-8037-961AB9B32471}
		{7279BE52-46F1-4BCF-B222-4365932D73B8} = {8ED9AFC2-B155-4DA0-8037-961AB9B32471}
		{8CC54273-F3D4-45B7-9C15-F845F45EC2DE} = {8ED9AFC2-B155-4DA0-8037-961AB9B32471}
		{50581054-4C59-407A-8EF4-AE563ABAD397} = {8ED9AFC2-B155-4DA0-8037-961AB9B32471}
	EndGlobalSection
	GlobalSection(ExtensibilityGlobals) = postSolution
		SolutionGuid = {A05ADE7E-D827-47F0-A87F-C683D20DE7AA}
	EndGlobalSection
EndGlobal
